
Microsoft Visual Studio Solution File, Format Version 12.00
# Visual Studio Version 16
VisualStudioVersion = 16.0.31829.152
MinimumVisualStudioVersion = 10.0.40219.1
Project("{FAE04EC0-301F-11D3-BF4B-00C04F79EFBC}") = "alg", "alg.csproj", "{C149F5D4-F1B6-4AC7-BD4D-E3FA33B6C3B7}"
EndProject
Global
	GlobalSection(SolutionConfigurationPlatforms) = preSolution
		Debug|Any CPU = Debug|Any CPU
		Release|Any CPU = Release|Any CPU
	EndGlobalSection
	GlobalSection(ProjectConfigurationPlatforms) = postSolution
		{C149F5D4-F1B6-4AC7-BD4D-E3FA33B6C3B7}.Debug|Any CPU.ActiveCfg = Debug|Any CPU
		{C149F5D4-F1B6-4AC7-BD4D-E3FA33B6C3B7}.Debug|Any CPU.Build.0 = Debug|Any CPU
		{C149F5D4-F1B6-4AC7-BD4D-E3FA33B6C3B7}.Release|Any CPU.ActiveCfg = Release|Any CPU
		{C149F5D4-F1B6-4AC7-BD4D-E3FA33B6C3B7}.Release|Any CPU.Build.0 = Release|Any CPU
	EndGlobalSection
	GlobalSection(SolutionProperties) = preSolution
		HideSolutionNode = FALSE
	EndGlobalSection
	GlobalSection(ExtensibilityGlobals) = postSolution
		SolutionGuid = {D45354F9-856D-42E1-8204-B7DEB31407E9}
	EndGlobalSection
EndGlobal
